{
  "version": "3",
  "packages": {
    "specifiers": {
      "npm:postgres@3.4.0": "npm:postgres@3.4.0"
    },
    "npm": {
      "postgres@3.4.0": {
        "integrity": "sha512-d7UtSoCg4hUtzxM9aRi3J8BrM6t0h4bQmgAHG96cDCNpP9CnnWQRdRl7WWNvKs0oOaQU2InGoOi1jETmdZK02g==",
        "dependencies": {}
      }
    }
  },
  "remote": {
    "https://deno.land/std@0.203.0/dotenv/mod.ts": "1da8c6d0e7f7d8a5c2b19400b763bc11739df24acec235dda7ea2cfd3d300057",
    "https://esm.sh/v133/@hono/zod-validator@0.1.9": "208c4f8d1fada52fa3015934a3abcbe9dd73d930519db6e32aad82833c4004f2",
    "https://esm.sh/v133/@hono/zod-validator@0.1.9/denonext/zod-validator.mjs": "f1f01487a18be2fdc18f87060c895f89a8ca43295f568437802004727c8fc4c0",
    "https://esm.sh/v133/drizzle-orm@0.28.6": "f7608fb463c5532dd0e566503f71a41297909bbf01b717562b1c397b7bca0243",
    "https://esm.sh/v133/drizzle-orm@0.28.6/denonext/drizzle-orm.mjs": "bb9e405f5be4e0ae3f7430f370abc910ed9cebfb33f7343b4ebfa17957e48cc0",
    "https://esm.sh/v133/drizzle-orm@0.28.6/denonext/pg-core.js": "fb27c776e1e0fc9acd65d1bf07b452151d803cd9f5c5a2e8225467f1003c4bdb",
    "https://esm.sh/v133/drizzle-orm@0.28.6/denonext/postgres-js.js": "7f968d0769dea94a71faa306984cb0c800cf0584c159b50cc6caf7684f0f2aaf",
    "https://esm.sh/v133/drizzle-orm@0.28.6/pg-core": "16cd5bbd14e1087fc2c903cfa8776db0dd0f1dc80cdb57bfb3d96236b732fc24",
    "https://esm.sh/v133/drizzle-orm@0.28.6/postgres-js": "218e472d549194e9f592f63a0a4186ade0628fe621a6bbc2466ab1c87cdf7929",
    "https://esm.sh/v133/hono@3.7.5/denonext/hono.mjs": "d5931d98441a2e3310bd7f988088e9e9a278f044e81924acdd2c03db6e71289b",
    "https://esm.sh/v133/hono@3.7.5/denonext/http-exception.js": "5319e2adf323eeb0dccae98c35a3155c17677f8f41165c5b38e7a470240dcf68",
    "https://esm.sh/v133/hono@3.7.5/denonext/validator.js": "f31c4600fe9c957678be71cfb98bd9d273d3edd47a485651b745a9bb85f125d0",
    "https://esm.sh/v133/hono@v3.7.5": "553a6b630d47e519fe7de320e7077bc02722cab85c4daaad870629d2187949c1",
    "https://esm.sh/v133/hono@v3.7.5/http-exception": "3aa771907c1c192fd51d6d086e9442dd0bfe65d6be7524208163f654faa552df",
    "https://esm.sh/v133/inversify@6.0.1": "5e09930d7e06c332c83b84ec0fceb7c9cc78228a4e8aa2ffa834c89c922e24e3",
    "https://esm.sh/v133/inversify@6.0.1/denonext/inversify.mjs": "a92fe485c4c240d0c0c216d5bc333ff7b44c22f9521a243cd22f65d917d0540f",
    "https://esm.sh/v133/reflect-metadata@0.1.13": "c61bf3df64b3f216d3803ce89310a321ba1fd0faff90e50ad409740f6ef21d2a",
    "https://esm.sh/v133/reflect-metadata@0.1.13/denonext/reflect-metadata.mjs": "966ba96ac64a43fcbd49a3083fc7a21c4b49839d8b6645ffab02be209fa67d93",
    "https://esm.sh/v133/zod@3.22.4/denonext/zod.mjs": "660128af5d1e921745c4d452472d103d9f2fc5afa508bbf233b83d35a272ad67",
    "https://esm.sh/v133/zod@v3.22.4": "fb3df591328a7b9662e972aa3bdbab19efdbabda9c89ade59ecedfc100bafe34"
  }
}
